
Microsoft Visual Studio Solution File, Format Version 12.00
# Visual Studio Version 16
VisualStudioVersion = 16.0.30503.244
MinimumVisualStudioVersion = 10.0.40219.1
Project("{FAE04EC0-301F-11D3-BF4B-00C04F79EFBC}") = "IntensisKatzeService1", "IntensisKatzeService1\IntensisKatzeService1.csproj", "{DFB6E470-96B1-4FE3-A242-EA3F7CD58BBE}"
EndProject
Global
	GlobalSection(SolutionConfigurationPlatforms) = preSolution
		Debug|Any CPU = Debug|Any CPU
		Release|Any CPU = Release|Any CPU
	EndGlobalSection
	GlobalSection(ProjectConfigurationPlatforms) = postSolution
		{DFB6E470-96B1-4FE3-A242-EA3F7CD58BBE}.Debug|Any CPU.ActiveCfg = Debug|Any CPU
		{DFB6E470-96B1-4FE3-A242-EA3F7CD58BBE}.Debug|Any CPU.Build.0 = Debug|Any CPU
		{DFB6E470-96B1-4FE3-A242-EA3F7CD58BBE}.Release|Any CPU.ActiveCfg = Release|Any CPU
		{DFB6E470-96B1-4FE3-A242-EA3F7CD58BBE}.Release|Any CPU.Build.0 = Release|Any CPU
	EndGlobalSection
	GlobalSection(SolutionProperties) = preSolution
		HideSolutionNode = FALSE
	EndGlobalSection
	GlobalSection(ExtensibilityGlobals) = postSolution
		SolutionGuid = {560DB63A-3980-4004-BCB5-220411CEC26E}
	EndGlobalSection
EndGlobal
